
Microsoft Visual Studio Solution File, Format Version 12.00
# Visual Studio Version 17
VisualStudioVersion = 17.13.35919.96 d17.13
MinimumVisualStudioVersion = 10.0.40219.1
Project("{FAE04EC0-301F-11D3-BF4B-00C04F79EFBC}") = "analyser.console.cli", "analyser.console.cli\analyser.console.cli.csproj", "{86A8D6FB-ED6E-4C8A-9A33-C5624917F170}"
EndProject
Global
	GlobalSection(SolutionConfigurationPlatforms) = preSolution
		Debug|Any CPU = Debug|Any CPU
		Release|Any CPU = Release|Any CPU
	EndGlobalSection
	GlobalSection(ProjectConfigurationPlatforms) = postSolution
		{86A8D6FB-ED6E-4C8A-9A33-C5624917F170}.Debug|Any CPU.ActiveCfg = Debug|Any CPU
		{86A8D6FB-ED6E-4C8A-9A33-C5624917F170}.Debug|Any CPU.Build.0 = Debug|Any CPU
		{86A8D6FB-ED6E-4C8A-9A33-C5624917F170}.Release|Any CPU.ActiveCfg = Release|Any CPU
		{86A8D6FB-ED6E-4C8A-9A33-C5624917F170}.Release|Any CPU.Build.0 = Release|Any CPU
	EndGlobalSection
	GlobalSection(SolutionProperties) = preSolution
		HideSolutionNode = FALSE
	EndGlobalSection
	GlobalSection(ExtensibilityGlobals) = postSolution
		SolutionGuid = {89AC72FE-5EC7-4A49-9C93-229CB6D0E186}
	EndGlobalSection
EndGlobal
